// !$*UTF8*$!
{
	archiveVersion = 1;
	classes = {
	};
	objectVersion = 50;
	objects = {

/* Begin PBXBuildFile section */
		3D22A5D722FB74FE00A32090 /* AppDelegate.swift in Sources */ = {isa = PBXBuildFile; fileRef = 3D22A5D622FB74FE00A32090 /* AppDelegate.swift */; };
		3D22A5D922FB74FE00A32090 /* ViewController.swift in Sources */ = {isa = PBXBuildFile; fileRef = 3D22A5D822FB74FE00A32090 /* ViewController.swift */; };
		3D22A5DC22FB74FE00A32090 /* Main.storyboard in Resources */ = {isa = PBXBuildFile; fileRef = 3D22A5DA22FB74FE00A32090 /* Main.storyboard */; };
		3D22A5DE22FB750300A32090 /* Assets.xcassets in Resources */ = {isa = PBXBuildFile; fileRef = 3D22A5DD22FB750300A32090 /* Assets.xcassets */; };
		3D22A5E122FB750300A32090 /* LaunchScreen.storyboard in Resources */ = {isa = PBXBuildFile; fileRef = 3D22A5DF22FB750300A32090 /* LaunchScreen.storyboard */; };
		3D22A5EC22FB750300A32090 /* calculadoraTests.swift in Sources */ = {isa = PBXBuildFile; fileRef = 3D22A5EB22FB750300A32090 /* calculadoraTests.swift */; };
		3D22A5F722FB750300A32090 /* calculadoraUITests.swift in Sources */ = {isa = PBXBuildFile; fileRef = 3D22A5F622FB750300A32090 /* calculadoraUITests.swift */; };
/* End PBXBuildFile section */

/* Begin PBXContainerItemProxy section */
		3D22A5E822FB750300A32090 /* PBXContainerItemProxy */ = {
			isa = PBXContainerItemProxy;
			containerPortal = 3D22A5CB22FB74FD00A32090 /* Project object */;
			proxyType = 1;
			remoteGlobalIDString = 3D22A5D222FB74FE00A32090;
			remoteInfo = calculadora;
		};
		3D22A5F322FB750300A32090 /* PBXContainerItemProxy */ = {
			isa = PBXContainerItemProxy;
			containerPortal = 3D22A5CB22FB74FD00A32090 /* Project object */;
			proxyType = 1;
			remoteGlobalIDString = 3D22A5D222FB74FE00A32090;
			remoteInfo = calculadora;
		};
/* End PBXContainerItemProxy section */

/* Begin PBXFileReference section */
		3D22A5D322FB74FE00A32090 /* calculadora.app */ = {isa = PBXFileReference; explicitFileType = wrapper.application; includeInIndex = 0; path = calculadora.app; sourceTree = BUILT_PRODUCTS_DIR; };
		3D22A5D622FB74FE00A32090 /* AppDelegate.swift */ = {isa = PBXFileReference; lastKnownFileType = sourcecode.swift; path = AppDelegate.swift; sourceTree = "<group>"; };
		3D22A5D822FB74FE00A32090 /* ViewController.swift */ = {isa = PBXFileReference; lastKnownFileType = sourcecode.swift; path = ViewController.swift; sourceTree = "<group>"; };
		3D22A5DB22FB74FE00A32090 /* Base */ = {isa = PBXFileReference; lastKnownFileType = file.storyboard; name = Base; path = Base.lproj/Main.storyboard; sourceTree = "<group>"; };
		3D22A5DD22FB750300A32090 /* Assets.xcassets */ = {isa = PBXFileReference; lastKnownFileType = folder.assetcatalog; path = Assets.xcassets; sourceTree = "<group>"; };
		3D22A5E022FB750300A32090 /* Base */ = {isa = PBXFileReference; lastKnownFileType = file.storyboard; name = Base; path = Base.lproj/LaunchScreen.storyboard; sourceTree = "<group>"; };
		3D22A5E222FB750300A32090 /* Info.plist */ = {isa = PBXFileReference; lastKnownFileType = text.plist.xml; path = Info.plist; sourceTree = "<group>"; };
		3D22A5E722FB750300A32090 /* calculadoraTests.xctest */ = {isa = PBXFileReference; explicitFileType = wrapper.cfbundle; includeInIndex = 0; path = calculadoraTests.xctest; sourceTree = BUILT_PRODUCTS_DIR; };
		3D22A5EB22FB750300A32090 /* calculadoraTests.swift */ = {isa = PBXFileReference; lastKnownFileType = sourcecode.swift; path = calculadoraTests.swift; sourceTree = "<group>"; };
		3D22A5ED22FB750300A32090 /* Info.plist */ = {isa = PBXFileReference; lastKnownFileType = text.plist.xml; path = Info.plist; sourceTree = "<group>"; };
		3D22A5F222FB750300A32090 /* calculadoraUITests.xctest */ = {isa = PBXFileReference; explicitFileType = wrapper.cfbundle; includeInIndex = 0; path = calculadoraUITests.xctest; sourceTree = BUILT_PRODUCTS_DIR; };
		3D22A5F622FB750300A32090 /* calculadoraUITests.swift */ = {isa = PBXFileReference; lastKnownFileType = sourcecode.swift; path = calculadoraUITests.swift; sourceTree = "<group>"; };
		3D22A5F822FB750300A32090 /* Info.plist */ = {isa = PBXFileReference; lastKnownFileType = text.plist.xml; path = Info.plist; sourceTree = "<group>"; };
/* End PBXFileReference section */

/* Begin PBXFrameworksBuildPhase section */
		3D22A5D022FB74FE00A32090 /* Frameworks */ = {
			isa = PBXFrameworksBuildPhase;
			buildActionMask = 2147483647;
			files = (
			);
			runOnlyForDeploymentPostprocessing = 0;
		};
		3D22A5E422FB750300A32090 /* Frameworks */ = {
			isa = PBXFrameworksBuildPhase;
			buildActionMask = 2147483647;
			files = (
			);
			runOnlyForDeploymentPostprocessing = 0;
		};
		3D22A5EF22FB750300A32090 /* Frameworks */ = {
			isa = PBXFrameworksBuildPhase;
			buildActionMask = 2147483647;
			files = (
			);
			runOnlyForDeploymentPostprocessing = 0;
		};
/* End PBXFrameworksBuildPhase section */

/* Begin PBXGroup section */
		3D22A5CA22FB74FD00A32090 = {
			isa = PBXGroup;
			children = (
				3D22A5D522FB74FE00A32090 /* calculadora */,
				3D22A5EA22FB750300A32090 /* calculadoraTests */,
				3D22A5F522FB750300A32090 /* calculadoraUITests */,
				3D22A5D422FB74FE00A32090 /* Products */,
			);
			sourceTree = "<group>";
		};
		3D22A5D422FB74FE00A32090 /* Products */ = {
			isa = PBXGroup;
			children = (
				3D22A5D322FB74FE00A32090 /* calculadora.app */,
				3D22A5E722FB750300A32090 /* calculadoraTests.xctest */,
				3D22A5F222FB750300A32090 /* calculadoraUITests.xctest */,
			);
			name = Products;
			sourceTree = "<group>";
		};
		3D22A5D522FB74FE00A32090 /* calculadora */ = {
			isa = PBXGroup;
			children = (
				3D22A5D622FB74FE00A32090 /* AppDelegate.swift */,
				3D22A5D822FB74FE00A32090 /* ViewController.swift */,
				3D22A5DA22FB74FE00A32090 /* Main.storyboard */,
				3D22A5DD22FB750300A32090 /* Assets.xcassets */,
				3D22A5DF22FB750300A32090 /* LaunchScreen.storyboard */,
				3D22A5E222FB750300A32090 /* Info.plist */,
			);
			path = calculadora;
			sourceTree = "<group>";
		};
		3D22A5EA22FB750300A32090 /* calculadoraTests */ = {
			isa = PBXGroup;
			children = (
				3D22A5EB22FB750300A32090 /* calculadoraTests.swift */,
				3D22A5ED22FB750300A32090 /* Info.plist */,
			);
			path = calculadoraTests;
			sourceTree = "<group>";
		};
		3D22A5F522FB750300A32090 /* calculadoraUITests */ = {
			isa = PBXGroup;
			children = (
				3D22A5F622FB750300A32090 /* calculadoraUITests.swift */,
				3D22A5F822FB750300A32090 /* Info.plist */,
			);
			path = calculadoraUITests;
			sourceTree = "<group>";
		};
/* End PBXGroup section */

/* Begin PBXNativeTarget section */
		3D22A5D222FB74FE00A32090 /* calculadora */ = {
			isa = PBXNativeTarget;
			buildConfigurationList = 3D22A5FB22FB750300A32090 /* Build configuration list for PBXNativeTarget "calculadora" */;
			buildPhases = (
				3D22A5CF22FB74FE00A32090 /* Sources */,
				3D22A5D022FB74FE00A32090 /* Frameworks */,
				3D22A5D122FB74FE00A32090 /* Resources */,
			);
			buildRules = (
			);
			dependencies = (
			);
			name = calculadora;
			productName = calculadora;
			productReference = 3D22A5D322FB74FE00A32090 /* calculadora.app */;
			productType = "com.apple.product-type.application";
		};
		3D22A5E622FB750300A32090 /* calculadoraTests */ = {
			isa = PBXNativeTarget;
			buildConfigurationList = 3D22A5FE22FB750300A32090 /* Build configuration list for PBXNativeTarget "calculadoraTests" */;
			buildPhases = (
				3D22A5E322FB750300A32090 /* Sources */,
				3D22A5E422FB750300A32090 /* Frameworks */,
				3D22A5E522FB750300A32090 /* Resources */,
			);
			buildRules = (
			);
			dependencies = (
				3D22A5E922FB750300A32090 /* PBXTargetDependency */,
			);
			name = calculadoraTests;
			productName = calculadoraTests;
			productReference = 3D22A5E722FB750300A32090 /* calculadoraTests.xctest */;
			productType = "com.apple.product-type.bundle.unit-test";
		};
		3D22A5F122FB750300A32090 /* calculadoraUITests */ = {
			isa = PBXNativeTarget;
			buildConfigurationList = 3D22A60122FB750300A32090 /* Build configuration list for PBXNativeTarget "calculadoraUITests" */;
			buildPhases = (
				3D22A5EE22FB750300A32090 /* Sources */,
				3D22A5EF22FB750300A32090 /* Frameworks */,
				3D22A5F022FB750300A32090 /* Resources */,
			);
			buildRules = (
			);
			dependencies = (
				3D22A5F422FB750300A32090 /* PBXTargetDependency */,
			);
			name = calculadoraUITests;
			productName = calculadoraUITests;
			productReference = 3D22A5F222FB750300A32090 /* calculadoraUITests.xctest */;
			productType = "com.apple.product-type.bundle.ui-testing";
		};
/* End PBXNativeTarget section */

/* Begin PBXProject section */
		3D22A5CB22FB74FD00A32090 /* Project object */ = {
			isa = PBXProject;
			attributes = {
				LastSwiftUpdateCheck = 0940;
				LastUpgradeCheck = 0940;
				ORGANIZATIONNAME = Alumno;
				TargetAttributes = {
					3D22A5D222FB74FE00A32090 = {
						CreatedOnToolsVersion = 9.4.1;
					};
					3D22A5E622FB750300A32090 = {
						CreatedOnToolsVersion = 9.4.1;
						TestTargetID = 3D22A5D222FB74FE00A32090;
					};
					3D22A5F122FB750300A32090 = {
						CreatedOnToolsVersion = 9.4.1;
						TestTargetID = 3D22A5D222FB74FE00A32090;
					};
				};
			};
			buildConfigurationList = 3D22A5CE22FB74FE00A32090 /* Build configuration list for PBXProject "calculadora" */;
			compatibilityVersion = "Xcode 9.3";
			developmentRegion = en;
			hasScannedForEncodings = 0;
			knownRegions = (
				en,
				Base,
			);
			mainGroup = 3D22A5CA22FB74FD00A32090;
			productRefGroup = 3D22A5D422FB74FE00A32090 /* Products */;
			projectDirPath = "";
			projectRoot = "";
			targets = (
				3D22A5D222FB74FE00A32090 /* calculadora */,
				3D22A5E622FB750300A32090 /* calculadoraTests */,
				3D22A5F122FB750300A32090 /* calculadoraUITests */,
			);
		};
/* End PBXProject section */

/* Begin PBXResourcesBuildPhase section */
		3D22A5D122FB74FE00A32090 /* Resources */ = {
			isa = PBXResourcesBuildPhase;
			buildActionMask = 2147483647;
			files = (
				3D22A5E122FB750300A32090 /* LaunchScreen.storyboard in Resources */,
				3D22A5DE22FB750300A32090 /* Assets.xcassets in Resources */,
				3D22A5DC22FB74FE00A32090 /* Main.storyboard in Resources */,
			);
			runOnlyForDeploymentPostprocessing = 0;
		};
		3D22A5E522FB750300A32090 /* Resources */ = {
			isa = PBXResourcesBuildPhase;
			buildActionMask = 2147483647;
			files = (
			);
			runOnlyForDeploymentPostprocessing = 0;
		};
		3D22A5F022FB750300A32090 /* Resources */ = {
			isa = PBXResourcesBuildPhase;
			buildActionMask = 2147483647;
			files = (
			);
			runOnlyForDeploymentPostprocessing = 0;
		};
/* End PBXResourcesBuildPhase section */

/* Begin PBXSourcesBuildPhase section */
		3D22A5CF22FB74FE00A32090 /* Sources */ = {
			isa = PBXSourcesBuildPhase;
			buildActionMask = 2147483647;
			files = (
				3D22A5D922FB74FE00A32090 /* ViewController.swift in Sources */,
				3D22A5D722FB74FE00A32090 /* AppDelegate.swift in Sources */,
			);
			runOnlyForDeploymentPostprocessing = 0;
		};
		3D22A5E322FB750300A32090 /* Sources */ = {
			isa = PBXSourcesBuildPhase;
			buildActionMask = 2147483647;
			files = (
				3D22A5EC22FB750300A32090 /* calculadoraTests.swift in Sources */,
			);
			runOnlyForDeploymentPostprocessing = 0;
		};
		3D22A5EE22FB750300A32090 /* Sources */ = {
			isa = PBXSourcesBuildPhase;
			buildActionMask = 2147483647;
			files = (
				3D22A5F722FB750300A32090 /* calculadoraUITests.swift in Sources */,
			);
			runOnlyForDeploymentPostprocessing = 0;
		};
/* End PBXSourcesBuildPhase section */

/* Begin PBXTargetDependency section */
		3D22A5E922FB750300A32090 /* PBXTargetDependency */ = {
			isa = PBXTargetDependency;
			target = 3D22A5D222FB74FE00A32090 /* calculadora */;
			targetProxy = 3D22A5E822FB750300A32090 /* PBXContainerItemProxy */;
		};
		3D22A5F422FB750300A32090 /* PBXTargetDependency */ = {
			isa = PBXTargetDependency;
			target = 3D22A5D222FB74FE00A32090 /* calculadora */;
			targetProxy = 3D22A5F322FB750300A32090 /* PBXContainerItemProxy */;
		};
/* End PBXTargetDependency section */

/* Begin PBXVariantGroup section */
		3D22A5DA22FB74FE00A32090 /* Main.storyboard */ = {
			isa = PBXVariantGroup;
			children = (
				3D22A5DB22FB74FE00A32090 /* Base */,
			);
			name = Main.storyboard;
			sourceTree = "<group>";
		};
		3D22A5DF22FB750300A32090 /* LaunchScreen.storyboard */ = {
			isa = PBXVariantGroup;
			children = (
				3D22A5E022FB750300A32090 /* Base */,
			);
			name = LaunchScreen.storyboard;
			sourceTree = "<group>";
		};
/* End PBXVariantGroup section */

/* Begin XCBuildConfiguration section */
		3D22A5F922FB750300A32090 /* Debug */ = {
			isa = XCBuildConfiguration;
			buildSettings = {
				ALWAYS_SEARCH_USER_PATHS = NO;
				CLANG_ANALYZER_NONNULL = YES;
				CLANG_ANALYZER_NUMBER_OBJECT_CONVERSION = YES_AGGRESSIVE;
				CLANG_CXX_LANGUAGE_STANDARD = "gnu++14";
				CLANG_CXX_LIBRARY = "libc++";
				CLANG_ENABLE_MODULES = YES;
				CLANG_ENABLE_OBJC_ARC = YES;
				CLANG_ENABLE_OBJC_WEAK = YES;
				CLANG_WARN_BLOCK_CAPTURE_AUTORELEASING = YES;
				CLANG_WARN_BOOL_CONVERSION = YES;
				CLANG_WARN_COMMA = YES;
				CLANG_WARN_CONSTANT_CONVERSION = YES;
				CLANG_WARN_DEPRECATED_OBJC_IMPLEMENTATIONS = YES;
				CLANG_WARN_DIRECT_OBJC_ISA_USAGE = YES_ERROR;
				CLANG_WARN_DOCUMENTATION_COMMENTS = YES;
				CLANG_WARN_EMPTY_BODY = YES;
				CLANG_WARN_ENUM_CONVERSION = YES;
				CLANG_WARN_INFINITE_RECURSION = YES;
				CLANG_WARN_INT_CONVERSION = YES;
				CLANG_WARN_NON_LITERAL_NULL_CONVERSION = YES;
				CLANG_WARN_OBJC_IMPLICIT_RETAIN_SELF = YES;
				CLANG_WARN_OBJC_LITERAL_CONVERSION = YES;
				CLANG_WARN_OBJC_ROOT_CLASS = YES_ERROR;
				CLANG_WARN_RANGE_LOOP_ANALYSIS = YES;
				CLANG_WARN_STRICT_PROTOTYPES = YES;
				CLANG_WARN_SUSPICIOUS_MOVE = YES;
				CLANG_WARN_UNGUARDED_AVAILABILITY = YES_AGGRESSIVE;
				CLANG_WARN_UNREACHABLE_CODE = YES;
				CLANG_WARN__DUPLICATE_METHOD_MATCH = YES;
				CODE_SIGN_IDENTITY = "iPhone Developer";
				COPY_PHASE_STRIP = NO;
				DEBUG_INFORMATION_FORMAT = dwarf;
				ENABLE_STRICT_OBJC_MSGSEND = YES;
				ENABLE_TESTABILITY = YES;
				GCC_C_LANGUAGE_STANDARD = gnu11;
				GCC_DYNAMIC_NO_PIC = NO;
				GCC_NO_COMMON_BLOCKS = YES;
				GCC_OPTIMIZATION_LEVEL = 0;
				GCC_PREPROCESSOR_DEFINITIONS = (
					"DEBUG=1",
					"$(inherited)",
				);
				GCC_WARN_64_TO_32_BIT_CONVERSION = YES;
				GCC_WARN_ABOUT_RETURN_TYPE = YES_ERROR;
				GCC_WARN_UNDECLARED_SELECTOR = YES;
				GCC_WARN_UNINITIALIZED_AUTOS = YES_AGGRESSIVE;
				GCC_WARN_UNUSED_FUNCTION = YES;
				GCC_WARN_UNUSED_VARIABLE = YES;
				IPHONEOS_DEPLOYMENT_TARGET = 11.4;
				MTL_ENABLE_DEBUG_INFO = YES;
				ONLY_ACTIVE_ARCH = YES;
				SDKROOT = iphoneos;
				SWIFT_ACTIVE_COMPILATION_CONDITIONS = DEBUG;
				SWIFT_OPTIMIZATION_LEVEL = "-Onone";
			};
			name = Debug;
		};
		3D22A5FA22FB750300A32090 /* Release */ = {
			isa = XCBuildConfiguration;
			buildSettings = {
				ALWAYS_SEARCH_USER_PATHS = NO;
				CLANG_ANALYZER_NONNULL = YES;
				CLANG_ANALYZER_NUMBER_OBJECT_CONVERSION = YES_AGGRESSIVE;
				CLANG_CXX_LANGUAGE_STANDARD = "gnu++14";
				CLANG_CXX_LIBRARY = "libc++";
				CLANG_ENABLE_MODULES = YES;
				CLANG_ENABLE_OBJC_ARC = YES;
				CLANG_ENABLE_OBJC_WEAK = YES;
				CLANG_WARN_BLOCK_CAPTURE_AUTORELEASING = YES;
				CLANG_WARN_BOOL_CONVERSION = YES;
				CLANG_WARN_COMMA = YES;
				CLANG_WARN_CONSTANT_CONVERSION = YES;
				CLANG_WARN_DEPRECATED_OBJC_IMPLEMENTATIONS = YES;
				CLANG_WARN_DIRECT_OBJC_ISA_USAGE = YES_ERROR;
				CLANG_WARN_DOCUMENTATION_COMMENTS = YES;
				CLANG_WARN_EMPTY_BODY = YES;
				CLANG_WARN_ENUM_CONVERSION = YES;
				CLANG_WARN_INFINITE_RECURSION = YES;
				CLANG_WARN_INT_CONVERSION = YES;
				CLANG_WARN_NON_LITERAL_NULL_CONVERSION = YES;
				CLANG_WARN_OBJC_IMPLICIT_RETAIN_SELF = YES;
				CLANG_WARN_OBJC_LITERAL_CONVERSION = YES;
				CLANG_WARN_OBJC_ROOT_CLASS = YES_ERROR;
				CLANG_WARN_RANGE_LOOP_ANALYSIS = YES;
				CLANG_WARN_STRICT_PROTOTYPES = YES;
				CLANG_WARN_SUSPICIOUS_MOVE = YES;
				CLANG_WARN_UNGUARDED_AVAILABILITY = YES_AGGRESSIVE;
				CLANG_WARN_UNREACHABLE_CODE = YES;
				CLANG_WARN__DUPLICATE_METHOD_MATCH = YES;
				CODE_SIGN_IDENTITY = "iPhone Developer";
				COPY_PHASE_STRIP = NO;
				DEBUG_INFORMATION_FORMAT = "dwarf-with-dsym";
				ENABLE_NS_ASSERTIONS = NO;
				ENABLE_STRICT_OBJC_MSGSEND = YES;
				GCC_C_LANGUAGE_STANDARD = gnu11;
				GCC_NO_COMMON_BLOCKS = YES;
				GCC_WARN_64_TO_32_BIT_CONVERSION = YES;
				GCC_WARN_ABOUT_RETURN_TYPE = YES_ERROR;
				GCC_WARN_UNDECLARED_SELECTOR = YES;
				GCC_WARN_UNINITIALIZED_AUTOS = YES_AGGRESSIVE;
				GCC_WARN_UNUSED_FUNCTION = YES;
				GCC_WARN_UNUSED_VARIABLE = YES;
				IPHONEOS_DEPLOYMENT_TARGET = 11.4;
				MTL_ENABLE_DEBUG_INFO = NO;
				SDKROOT = iphoneos;
				SWIFT_COMPILATION_MODE = wholemodule;
				SWIFT_OPTIMIZATION_LEVEL = "-O";
				VALIDATE_PRODUCT = YES;
			};
			name = Release;
		};
		3D22A5FC22FB750300A32090 /* Debug */ = {
			isa = XCBuildConfiguration;
			buildSettings = {
				ASSETCATALOG_COMPILER_APPICON_NAME = AppIcon;
				CODE_SIGN_STYLE = Automatic;
				INFOPLIST_FILE = calculadora/Info.plist;
				LD_RUNPATH_SEARCH_PATHS = (
					"$(inherited)",
					"@executable_path/Frameworks",
				);
				PRODUCT_BUNDLE_IDENTIFIER = edu.ulsa.calculadora;
				PRODUCT_NAME = "$(TARGET_NAME)";
				SWIFT_VERSION = 4.0;
				TARGETED_DEVICE_FAMILY = "1,2";
			};
			name = Debug;
		};
		3D22A5FD22FB750300A32090 /* Release */ = {
			isa = XCBuildConfiguration;
			buildSettings = {
				ASSETCATALOG_COMPILER_APPICON_NAME = AppIcon;
				CODE_SIGN_STYLE = Automatic;
				INFOPLIST_FILE = calculadora/Info.plist;
				LD_RUNPATH_SEARCH_PATHS = (
					"$(inherited)",
					"@executable_path/Frameworks",
				);
				PRODUCT_BUNDLE_IDENTIFIER = edu.ulsa.calculadora;
				PRODUCT_NAME = "$(TARGET_NAME)";
				SWIFT_VERSION = 4.0;
				TARGETED_DEVICE_FAMILY = "1,2";
			};
			name = Release;
		};
		3D22A5FF22FB750300A32090 /* Debug */ = {
			isa = XCBuildConfiguration;
			buildSettings = {
				ALWAYS_EMBED_SWIFT_STANDARD_LIBRARIES = YES;
				BUNDLE_LOADER = "$(TEST_HOST)";
				CODE_SIGN_STYLE = Automatic;
				INFOPLIST_FILE = calculadoraTests/Info.plist;
				LD_RUNPATH_SEARCH_PATHS = (
					"$(inherited)",
					"@executable_path/Frameworks",
					"@loader_path/Frameworks",
				);
				PRODUCT_BUNDLE_IDENTIFIER = edu.ulsa.calculadoraTests;
				PRODUCT_NAME = "$(TARGET_NAME)";
				SWIFT_VERSION = 4.0;
				TARGETED_DEVICE_FAMILY = "1,2";
				TEST_HOST = "$(BUILT_PRODUCTS_DIR)/calculadora.app/calculadora";
			};
			name = Debug;
		};
		3D22A60022FB750300A32090 /* Release */ = {
			isa = XCBuildConfiguration;
			buildSettings = {
				ALWAYS_EMBED_SWIFT_STANDARD_LIBRARIES = YES;
				BUNDLE_LOADER = "$(TEST_HOST)";
				CODE_SIGN_STYLE = Automatic;
				INFOPLIST_FILE = calculadoraTests/Info.plist;
				LD_RUNPATH_SEARCH_PATHS = (
					"$(inherited)",
					"@executable_path/Frameworks",
					"@loader_path/Frameworks",
				);
				PRODUCT_BUNDLE_IDENTIFIER = edu.ulsa.calculadoraTests;
				PRODUCT_NAME = "$(TARGET_NAME)";
				SWIFT_VERSION = 4.0;
				TARGETED_DEVICE_FAMILY = "1,2";
				TEST_HOST = "$(BUILT_PRODUCTS_DIR)/calculadora.app/calculadora";
			};
			name = Release;
		};
		3D22A60222FB750300A32090 /* Debug */ = {
			isa = XCBuildConfiguration;
			buildSettings = {
				ALWAYS_EMBED_SWIFT_STANDARD_LIBRARIES = YES;
				CODE_SIGN_STYLE = Automatic;
				INFOPLIST_FILE = calculadoraUITests/Info.plist;
				LD_RUNPATH_SEARCH_PATHS = (
					"$(inherited)",
					"@executable_path/Frameworks",
					"@loader_path/Frameworks",
				);
				PRODUCT_BUNDLE_IDENTIFIER = edu.ulsa.calculadoraUITests;
				PRODUCT_NAME = "$(TARGET_NAME)";
				SWIFT_VERSION = 4.0;
				TARGETED_DEVICE_FAMILY = "1,2";
				TEST_TARGET_NAME = calculadora;
			};
			name = Debug;
		};
		3D22A60322FB750300A32090 /* Release */ = {
			isa = XCBuildConfiguration;
			buildSettings = {
				ALWAYS_EMBED_SWIFT_STANDARD_LIBRARIES = YES;
				CODE_SIGN_STYLE = Automatic;
				INFOPLIST_FILE = calculadoraUITests/Info.plist;
				LD_RUNPATH_SEARCH_PATHS = (
					"$(inherited)",
					"@executable_path/Frameworks",
					"@loader_path/Frameworks",
				);
				PRODUCT_BUNDLE_IDENTIFIER = edu.ulsa.calculadoraUITests;
				PRODUCT_NAME = "$(TARGET_NAME)";
				SWIFT_VERSION = 4.0;
				TARGETED_DEVICE_FAMILY = "1,2";
				TEST_TARGET_NAME = calculadora;
			};
			name = Release;
		};
/* End XCBuildConfiguration section */

/* Begin XCConfigurationList section */
		3D22A5CE22FB74FE00A32090 /* Build configuration list for PBXProject "calculadora" */ = {
			isa = XCConfigurationList;
			buildConfigurations = (
				3D22A5F922FB750300A32090 /* Debug */,
				3D22A5FA22FB750300A32090 /* Release */,
			);
			defaultConfigurationIsVisible = 0;
			defaultConfigurationName = Release;
		};
		3D22A5FB22FB750300A32090 /* Build configuration list for PBXNativeTarget "calculadora" */ = {
			isa = XCConfigurationList;
			buildConfigurations = (
				3D22A5FC22FB750300A32090 /* Debug */,
				3D22A5FD22FB750300A32090 /* Release */,
			);
			defaultConfigurationIsVisible = 0;
			defaultConfigurationName = Release;
		};
		3D22A5FE22FB750300A32090 /* Build configuration list for PBXNativeTarget "calculadoraTests" */ = {
			isa = XCConfigurationList;
			buildConfigurations = (
				3D22A5FF22FB750300A32090 /* Debug */,
				3D22A60022FB750300A32090 /* Release */,
			);
			defaultConfigurationIsVisible = 0;
			defaultConfigurationName = Release;
		};
		3D22A60122FB750300A32090 /* Build configuration list for PBXNativeTarget "calculadoraUITests" */ = {
			isa = XCConfigurationList;
			buildConfigurations = (
				3D22A60222FB750300A32090 /* Debug */,
				3D22A60322FB750300A32090 /* Release */,
			);
			defaultConfigurationIsVisible = 0;
			defaultConfigurationName = Release;
		};
/* End XCConfigurationList section */
	};
	rootObject = 3D22A5CB22FB74FD00A32090 /* Project object */;
}
